// !$*UTF8*$!
{
	archiveVersion = 1;
	classes = {
	};
	objectVersion = 50;
	objects = {

/* Begin PBXBuildFile section */
		843F5FCA2192F5D70006DA74 /* ReceptCategorieTableViewCell.swift in Sources */ = {isa = PBXBuildFile; fileRef = 843F5FC92192F5D70006DA74 /* ReceptCategorieTableViewCell.swift */; };
		843F5FCC2192F7480006DA74 /* Categorie.swift in Sources */ = {isa = PBXBuildFile; fileRef = 843F5FCB2192F7480006DA74 /* Categorie.swift */; };
		843F5FCE2192F7CB0006DA74 /* CategorieTableViewController.swift in Sources */ = {isa = PBXBuildFile; fileRef = 843F5FCD2192F7CB0006DA74 /* CategorieTableViewController.swift */; };
		843F5FD021931F540006DA74 /* ShowReceptTableViewController.swift in Sources */ = {isa = PBXBuildFile; fileRef = 843F5FCF21931F540006DA74 /* ShowReceptTableViewController.swift */; };
		843F5FD221932F090006DA74 /* AddReceptTableViewController.swift in Sources */ = {isa = PBXBuildFile; fileRef = 843F5FD121932F090006DA74 /* AddReceptTableViewController.swift */; };
		845880BD219C3284002BD53A /* FavorietenTableViewController.swift in Sources */ = {isa = PBXBuildFile; fileRef = 845880BC219C3284002BD53A /* FavorietenTableViewController.swift */; };
		845880BF219C32A9002BD53A /* FavorietenTableViewCell.swift in Sources */ = {isa = PBXBuildFile; fileRef = 845880BE219C32A9002BD53A /* FavorietenTableViewCell.swift */; };
		8481DA4B2189B60D0046F164 /* ReceptTableViewCell.swift in Sources */ = {isa = PBXBuildFile; fileRef = 8481DA4A2189B60D0046F164 /* ReceptTableViewCell.swift */; };
		848E090D2180CB4F00C98D96 /* AppDelegate.swift in Sources */ = {isa = PBXBuildFile; fileRef = 848E090C2180CB4F00C98D96 /* AppDelegate.swift */; };
		848E09122180CB4F00C98D96 /* Main.storyboard in Resources */ = {isa = PBXBuildFile; fileRef = 848E09102180CB4F00C98D96 /* Main.storyboard */; };
		848E09142180CB5000C98D96 /* Assets.xcassets in Resources */ = {isa = PBXBuildFile; fileRef = 848E09132180CB5000C98D96 /* Assets.xcassets */; };
		848E09172180CB5000C98D96 /* LaunchScreen.storyboard in Resources */ = {isa = PBXBuildFile; fileRef = 848E09152180CB5000C98D96 /* LaunchScreen.storyboard */; };
		848E091F2180CD2300C98D96 /* ReceptenTableViewController.swift in Sources */ = {isa = PBXBuildFile; fileRef = 848E091E2180CD2300C98D96 /* ReceptenTableViewController.swift */; };
		848E09212180CE0B00C98D96 /* Recept.swift in Sources */ = {isa = PBXBuildFile; fileRef = 848E09202180CE0B00C98D96 /* Recept.swift */; };
		84F2AD9921AEAD3F0000F63A /* Ingredient.swift in Sources */ = {isa = PBXBuildFile; fileRef = 84F2AD9821AEAD3F0000F63A /* Ingredient.swift */; };
		E6092F74EDE8D1F4B72D5856 /* Pods_Kokkerellen.framework in Frameworks */ = {isa = PBXBuildFile; fileRef = F8ADAE206F5D7BA932DEF2A2 /* Pods_Kokkerellen.framework */; };
/* End PBXBuildFile section */

/* Begin PBXFileReference section */
		843F5FC92192F5D70006DA74 /* ReceptCategorieTableViewCell.swift */ = {isa = PBXFileReference; lastKnownFileType = sourcecode.swift; path = ReceptCategorieTableViewCell.swift; sourceTree = "<group>"; };
		843F5FCB2192F7480006DA74 /* Categorie.swift */ = {isa = PBXFileReference; lastKnownFileType = sourcecode.swift; path = Categorie.swift; sourceTree = "<group>"; };
		843F5FCD2192F7CB0006DA74 /* CategorieTableViewController.swift */ = {isa = PBXFileReference; lastKnownFileType = sourcecode.swift; path = CategorieTableViewController.swift; sourceTree = "<group>"; };
		843F5FCF21931F540006DA74 /* ShowReceptTableViewController.swift */ = {isa = PBXFileReference; lastKnownFileType = sourcecode.swift; path = ShowReceptTableViewController.swift; sourceTree = "<group>"; };
		843F5FD121932F090006DA74 /* AddReceptTableViewController.swift */ = {isa = PBXFileReference; lastKnownFileType = sourcecode.swift; path = AddReceptTableViewController.swift; sourceTree = "<group>"; };
		845880BC219C3284002BD53A /* FavorietenTableViewController.swift */ = {isa = PBXFileReference; lastKnownFileType = sourcecode.swift; path = FavorietenTableViewController.swift; sourceTree = "<group>"; };
		845880BE219C32A9002BD53A /* FavorietenTableViewCell.swift */ = {isa = PBXFileReference; lastKnownFileType = sourcecode.swift; path = FavorietenTableViewCell.swift; sourceTree = "<group>"; };
		8481DA4A2189B60D0046F164 /* ReceptTableViewCell.swift */ = {isa = PBXFileReference; lastKnownFileType = sourcecode.swift; path = ReceptTableViewCell.swift; sourceTree = "<group>"; };
		848E09092180CB4F00C98D96 /* Kokkerellen.app */ = {isa = PBXFileReference; explicitFileType = wrapper.application; includeInIndex = 0; path = Kokkerellen.app; sourceTree = BUILT_PRODUCTS_DIR; };
		848E090C2180CB4F00C98D96 /* AppDelegate.swift */ = {isa = PBXFileReference; lastKnownFileType = sourcecode.swift; path = AppDelegate.swift; sourceTree = "<group>"; };
		848E09112180CB4F00C98D96 /* Base */ = {isa = PBXFileReference; lastKnownFileType = file.storyboard; name = Base; path = Base.lproj/Main.storyboard; sourceTree = "<group>"; };
		848E09132180CB5000C98D96 /* Assets.xcassets */ = {isa = PBXFileReference; lastKnownFileType = folder.assetcatalog; path = Assets.xcassets; sourceTree = "<group>"; };
		848E09162180CB5000C98D96 /* Base */ = {isa = PBXFileReference; lastKnownFileType = file.storyboard; name = Base; path = Base.lproj/LaunchScreen.storyboard; sourceTree = "<group>"; };
		848E09182180CB5000C98D96 /* Info.plist */ = {isa = PBXFileReference; lastKnownFileType = text.plist.xml; path = Info.plist; sourceTree = "<group>"; };
		848E091E2180CD2300C98D96 /* ReceptenTableViewController.swift */ = {isa = PBXFileReference; lastKnownFileType = sourcecode.swift; path = ReceptenTableViewController.swift; sourceTree = "<group>"; };
		848E09202180CE0B00C98D96 /* Recept.swift */ = {isa = PBXFileReference; lastKnownFileType = sourcecode.swift; path = Recept.swift; sourceTree = "<group>"; };
		84F2AD9821AEAD3F0000F63A /* Ingredient.swift */ = {isa = PBXFileReference; lastKnownFileType = sourcecode.swift; path = Ingredient.swift; sourceTree = "<group>"; };
		8E231A376A21587244FC9ECC /* Pods-Kokkerellen.release.xcconfig */ = {isa = PBXFileReference; includeInIndex = 1; lastKnownFileType = text.xcconfig; name = "Pods-Kokkerellen.release.xcconfig"; path = "Pods/Target Support Files/Pods-Kokkerellen/Pods-Kokkerellen.release.xcconfig"; sourceTree = "<group>"; };
		9F2C8F89DF7795E1105E7F8E /* Pods-Kokkerellen.debug.xcconfig */ = {isa = PBXFileReference; includeInIndex = 1; lastKnownFileType = text.xcconfig; name = "Pods-Kokkerellen.debug.xcconfig"; path = "Pods/Target Support Files/Pods-Kokkerellen/Pods-Kokkerellen.debug.xcconfig"; sourceTree = "<group>"; };
		F8ADAE206F5D7BA932DEF2A2 /* Pods_Kokkerellen.framework */ = {isa = PBXFileReference; explicitFileType = wrapper.framework; includeInIndex = 0; path = Pods_Kokkerellen.framework; sourceTree = BUILT_PRODUCTS_DIR; };
/* End PBXFileReference section */

/* Begin PBXFrameworksBuildPhase section */
		848E09062180CB4F00C98D96 /* Frameworks */ = {
			isa = PBXFrameworksBuildPhase;
			buildActionMask = 2147483647;
			files = (
				E6092F74EDE8D1F4B72D5856 /* Pods_Kokkerellen.framework in Frameworks */,
			);
			runOnlyForDeploymentPostprocessing = 0;
		};
/* End PBXFrameworksBuildPhase section */

/* Begin PBXGroup section */
		60BEDC425EB4209EBC0FCAEE /* Pods */ = {
			isa = PBXGroup;
			children = (
				9F2C8F89DF7795E1105E7F8E /* Pods-Kokkerellen.debug.xcconfig */,
				8E231A376A21587244FC9ECC /* Pods-Kokkerellen.release.xcconfig */,
			);
			name = Pods;
			sourceTree = "<group>";
		};
		843F5FC62192F45C0006DA74 /* Model */ = {
			isa = PBXGroup;
			children = (
				848E09202180CE0B00C98D96 /* Recept.swift */,
				843F5FCB2192F7480006DA74 /* Categorie.swift */,
				84F2AD9821AEAD3F0000F63A /* Ingredient.swift */,
			);
			path = Model;
			sourceTree = "<group>";
		};
		843F5FC72192F4F30006DA74 /* View Controllers */ = {
			isa = PBXGroup;
			children = (
				848E091E2180CD2300C98D96 /* ReceptenTableViewController.swift */,
				843F5FCF21931F540006DA74 /* ShowReceptTableViewController.swift */,
				843F5FD121932F090006DA74 /* AddReceptTableViewController.swift */,
				843F5FCD2192F7CB0006DA74 /* CategorieTableViewController.swift */,
				845880BC219C3284002BD53A /* FavorietenTableViewController.swift */,
			);
			path = "View Controllers";
			sourceTree = "<group>";
		};
		843F5FC82192F53B0006DA74 /* Views */ = {
			isa = PBXGroup;
			children = (
				8481DA4A2189B60D0046F164 /* ReceptTableViewCell.swift */,
				843F5FC92192F5D70006DA74 /* ReceptCategorieTableViewCell.swift */,
				845880BE219C32A9002BD53A /* FavorietenTableViewCell.swift */,
			);
			path = Views;
			sourceTree = "<group>";
		};
		848E09002180CB4F00C98D96 = {
			isa = PBXGroup;
			children = (
				848E090B2180CB4F00C98D96 /* Kokkerellen */,
				848E090A2180CB4F00C98D96 /* Products */,
				60BEDC425EB4209EBC0FCAEE /* Pods */,
				F99AE376E7D6775FC9D64BD5 /* Frameworks */,
			);
			sourceTree = "<group>";
		};
		848E090A2180CB4F00C98D96 /* Products */ = {
			isa = PBXGroup;
			children = (
				848E09092180CB4F00C98D96 /* Kokkerellen.app */,
			);
			name = Products;
			sourceTree = "<group>";
		};
		848E090B2180CB4F00C98D96 /* Kokkerellen */ = {
			isa = PBXGroup;
			children = (
				843F5FC72192F4F30006DA74 /* View Controllers */,
				843F5FC82192F53B0006DA74 /* Views */,
				843F5FC62192F45C0006DA74 /* Model */,
				848E090C2180CB4F00C98D96 /* AppDelegate.swift */,
				848E09102180CB4F00C98D96 /* Main.storyboard */,
				848E09132180CB5000C98D96 /* Assets.xcassets */,
				848E09152180CB5000C98D96 /* LaunchScreen.storyboard */,
				848E09182180CB5000C98D96 /* Info.plist */,
			);
			path = Kokkerellen;
			sourceTree = "<group>";
		};
		F99AE376E7D6775FC9D64BD5 /* Frameworks */ = {
			isa = PBXGroup;
			children = (
				F8ADAE206F5D7BA932DEF2A2 /* Pods_Kokkerellen.framework */,
			);
			name = Frameworks;
			sourceTree = "<group>";
		};
/* End PBXGroup section */

/* Begin PBXNativeTarget section */
		848E09082180CB4F00C98D96 /* Kokkerellen */ = {
			isa = PBXNativeTarget;
			buildConfigurationList = 848E091B2180CB5000C98D96 /* Build configuration list for PBXNativeTarget "Kokkerellen" */;
			buildPhases = (
				199C24DC3B34ABE7AE255670 /* [CP] Check Pods Manifest.lock */,
				848E09052180CB4F00C98D96 /* Sources */,
				848E09062180CB4F00C98D96 /* Frameworks */,
				848E09072180CB4F00C98D96 /* Resources */,
				DD3199A99991A6C8B38CAEFC /* [CP] Embed Pods Frameworks */,
			);
			buildRules = (
			);
			dependencies = (
			);
			name = Kokkerellen;
			productName = Kokkerellen;
			productReference = 848E09092180CB4F00C98D96 /* Kokkerellen.app */;
			productType = "com.apple.product-type.application";
		};
/* End PBXNativeTarget section */

/* Begin PBXProject section */
		848E09012180CB4F00C98D96 /* Project object */ = {
			isa = PBXProject;
			attributes = {
				LastSwiftUpdateCheck = 1000;
				LastUpgradeCheck = 1000;
				ORGANIZATIONNAME = Ivor;
				TargetAttributes = {
					848E09082180CB4F00C98D96 = {
						CreatedOnToolsVersion = 10.0;
					};
				};
			};
			buildConfigurationList = 848E09042180CB4F00C98D96 /* Build configuration list for PBXProject "Kokkerellen" */;
			compatibilityVersion = "Xcode 9.3";
			developmentRegion = en;
			hasScannedForEncodings = 0;
			knownRegions = (
				en,
				Base,
			);
			mainGroup = 848E09002180CB4F00C98D96;
			productRefGroup = 848E090A2180CB4F00C98D96 /* Products */;
			projectDirPath = "";
			projectRoot = "";
			targets = (
				848E09082180CB4F00C98D96 /* Kokkerellen */,
			);
		};
/* End PBXProject section */

/* Begin PBXResourcesBuildPhase section */
		848E09072180CB4F00C98D96 /* Resources */ = {
			isa = PBXResourcesBuildPhase;
			buildActionMask = 2147483647;
			files = (
				848E09172180CB5000C98D96 /* LaunchScreen.storyboard in Resources */,
				848E09142180CB5000C98D96 /* Assets.xcassets in Resources */,
				848E09122180CB4F00C98D96 /* Main.storyboard in Resources */,
			);
			runOnlyForDeploymentPostprocessing = 0;
		};
/* End PBXResourcesBuildPhase section */

/* Begin PBXShellScriptBuildPhase section */
		199C24DC3B34ABE7AE255670 /* [CP] Check Pods Manifest.lock */ = {
			isa = PBXShellScriptBuildPhase;
			buildActionMask = 2147483647;
			files = (
			);
			inputFileListPaths = (
			);
			inputPaths = (
				"${PODS_PODFILE_DIR_PATH}/Podfile.lock",
				"${PODS_ROOT}/Manifest.lock",
			);
			name = "[CP] Check Pods Manifest.lock";
			outputFileListPaths = (
			);
			outputPaths = (
				"$(DERIVED_FILE_DIR)/Pods-Kokkerellen-checkManifestLockResult.txt",
			);
			runOnlyForDeploymentPostprocessing = 0;
			shellPath = /bin/sh;
			shellScript = "diff \"${PODS_PODFILE_DIR_PATH}/Podfile.lock\" \"${PODS_ROOT}/Manifest.lock\" > /dev/null\nif [ $? != 0 ] ; then\n    # print error to STDERR\n    echo \"error: The sandbox is not in sync with the Podfile.lock. Run 'pod install' or update your CocoaPods installation.\" >&2\n    exit 1\nfi\n# This output is used by Xcode 'outputs' to avoid re-running this script phase.\necho \"SUCCESS\" > \"${SCRIPT_OUTPUT_FILE_0}\"\n";
			showEnvVarsInLog = 0;
		};
		DD3199A99991A6C8B38CAEFC /* [CP] Embed Pods Frameworks */ = {
			isa = PBXShellScriptBuildPhase;
			buildActionMask = 2147483647;
			files = (
			);
			inputFileListPaths = (
			);
			inputPaths = (
				"${SRCROOT}/Pods/Target Support Files/Pods-Kokkerellen/Pods-Kokkerellen-frameworks.sh",
				"${BUILT_PRODUCTS_DIR}/Realm/Realm.framework",
				"${BUILT_PRODUCTS_DIR}/RealmSwift/RealmSwift.framework",
			);
			name = "[CP] Embed Pods Frameworks";
			outputFileListPaths = (
			);
			outputPaths = (
				"${TARGET_BUILD_DIR}/${FRAMEWORKS_FOLDER_PATH}/Realm.framework",
				"${TARGET_BUILD_DIR}/${FRAMEWORKS_FOLDER_PATH}/RealmSwift.framework",
			);
			runOnlyForDeploymentPostprocessing = 0;
			shellPath = /bin/sh;
			shellScript = "\"${SRCROOT}/Pods/Target Support Files/Pods-Kokkerellen/Pods-Kokkerellen-frameworks.sh\"\n";
			showEnvVarsInLog = 0;
		};
/* End PBXShellScriptBuildPhase section */

/* Begin PBXSourcesBuildPhase section */
		848E09052180CB4F00C98D96 /* Sources */ = {
			isa = PBXSourcesBuildPhase;
			buildActionMask = 2147483647;
			files = (
				843F5FCC2192F7480006DA74 /* Categorie.swift in Sources */,
				84F2AD9921AEAD3F0000F63A /* Ingredient.swift in Sources */,
				843F5FCE2192F7CB0006DA74 /* CategorieTableViewController.swift in Sources */,
				848E090D2180CB4F00C98D96 /* AppDelegate.swift in Sources */,
				843F5FD221932F090006DA74 /* AddReceptTableViewController.swift in Sources */,
				8481DA4B2189B60D0046F164 /* ReceptTableViewCell.swift in Sources */,
				848E09212180CE0B00C98D96 /* Recept.swift in Sources */,
				848E091F2180CD2300C98D96 /* ReceptenTableViewController.swift in Sources */,
				843F5FD021931F540006DA74 /* ShowReceptTableViewController.swift in Sources */,
				845880BD219C3284002BD53A /* FavorietenTableViewController.swift in Sources */,
				845880BF219C32A9002BD53A /* FavorietenTableViewCell.swift in Sources */,
				843F5FCA2192F5D70006DA74 /* ReceptCategorieTableViewCell.swift in Sources */,
			);
			runOnlyForDeploymentPostprocessing = 0;
		};
/* End PBXSourcesBuildPhase section */

/* Begin PBXVariantGroup section */
		848E09102180CB4F00C98D96 /* Main.storyboard */ = {
			isa = PBXVariantGroup;
			children = (
				848E09112180CB4F00C98D96 /* Base */,
			);
			name = Main.storyboard;
			sourceTree = "<group>";
		};
		848E09152180CB5000C98D96 /* LaunchScreen.storyboard */ = {
			isa = PBXVariantGroup;
			children = (
				848E09162180CB5000C98D96 /* Base */,
			);
			name = LaunchScreen.storyboard;
			sourceTree = "<group>";
		};
/* End PBXVariantGroup section */

/* Begin XCBuildConfiguration section */
		848E09192180CB5000C98D96 /* Debug */ = {
			isa = XCBuildConfiguration;
			buildSettings = {
				ALWAYS_SEARCH_USER_PATHS = NO;
				CLANG_ANALYZER_NONNULL = YES;
				CLANG_ANALYZER_NUMBER_OBJECT_CONVERSION = YES_AGGRESSIVE;
				CLANG_CXX_LANGUAGE_STANDARD = "gnu++14";
				CLANG_CXX_LIBRARY = "libc++";
				CLANG_ENABLE_MODULES = YES;
				CLANG_ENABLE_OBJC_ARC = YES;
				CLANG_ENABLE_OBJC_WEAK = YES;
				CLANG_WARN_BLOCK_CAPTURE_AUTORELEASING = YES;
				CLANG_WARN_BOOL_CONVERSION = YES;
				CLANG_WARN_COMMA = YES;
				CLANG_WARN_CONSTANT_CONVERSION = YES;
				CLANG_WARN_DEPRECATED_OBJC_IMPLEMENTATIONS = YES;
				CLANG_WARN_DIRECT_OBJC_ISA_USAGE = YES_ERROR;
				CLANG_WARN_DOCUMENTATION_COMMENTS = YES;
				CLANG_WARN_EMPTY_BODY = YES;
				CLANG_WARN_ENUM_CONVERSION = YES;
				CLANG_WARN_INFINITE_RECURSION = YES;
				CLANG_WARN_INT_CONVERSION = YES;
				CLANG_WARN_NON_LITERAL_NULL_CONVERSION = YES;
				CLANG_WARN_OBJC_IMPLICIT_RETAIN_SELF = YES;
				CLANG_WARN_OBJC_LITERAL_CONVERSION = YES;
				CLANG_WARN_OBJC_ROOT_CLASS = YES_ERROR;
				CLANG_WARN_RANGE_LOOP_ANALYSIS = YES;
				CLANG_WARN_STRICT_PROTOTYPES = YES;
				CLANG_WARN_SUSPICIOUS_MOVE = YES;
				CLANG_WARN_UNGUARDED_AVAILABILITY = YES_AGGRESSIVE;
				CLANG_WARN_UNREACHABLE_CODE = YES;
				CLANG_WARN__DUPLICATE_METHOD_MATCH = YES;
				CODE_SIGN_IDENTITY = "iPhone Developer";
				COPY_PHASE_STRIP = NO;
				DEBUG_INFORMATION_FORMAT = dwarf;
				ENABLE_STRICT_OBJC_MSGSEND = YES;
				ENABLE_TESTABILITY = YES;
				GCC_C_LANGUAGE_STANDARD = gnu11;
				GCC_DYNAMIC_NO_PIC = NO;
				GCC_NO_COMMON_BLOCKS = YES;
				GCC_OPTIMIZATION_LEVEL = 0;
				GCC_PREPROCESSOR_DEFINITIONS = (
					"DEBUG=1",
					"$(inherited)",
				);
				GCC_WARN_64_TO_32_BIT_CONVERSION = YES;
				GCC_WARN_ABOUT_RETURN_TYPE = YES_ERROR;
				GCC_WARN_UNDECLARED_SELECTOR = YES;
				GCC_WARN_UNINITIALIZED_AUTOS = YES_AGGRESSIVE;
				GCC_WARN_UNUSED_FUNCTION = YES;
				GCC_WARN_UNUSED_VARIABLE = YES;
				IPHONEOS_DEPLOYMENT_TARGET = 12.0;
				MTL_ENABLE_DEBUG_INFO = INCLUDE_SOURCE;
				MTL_FAST_MATH = YES;
				ONLY_ACTIVE_ARCH = YES;
				SDKROOT = iphoneos;
				SWIFT_ACTIVE_COMPILATION_CONDITIONS = DEBUG;
				SWIFT_OPTIMIZATION_LEVEL = "-Onone";
			};
			name = Debug;
		};
		848E091A2180CB5000C98D96 /* Release */ = {
			isa = XCBuildConfiguration;
			buildSettings = {
				ALWAYS_SEARCH_USER_PATHS = NO;
				CLANG_ANALYZER_NONNULL = YES;
				CLANG_ANALYZER_NUMBER_OBJECT_CONVERSION = YES_AGGRESSIVE;
				CLANG_CXX_LANGUAGE_STANDARD = "gnu++14";
				CLANG_CXX_LIBRARY = "libc++";
				CLANG_ENABLE_MODULES = YES;
				CLANG_ENABLE_OBJC_ARC = YES;
				CLANG_ENABLE_OBJC_WEAK = YES;
				CLANG_WARN_BLOCK_CAPTURE_AUTORELEASING = YES;
				CLANG_WARN_BOOL_CONVERSION = YES;
				CLANG_WARN_COMMA = YES;
				CLANG_WARN_CONSTANT_CONVERSION = YES;
				CLANG_WARN_DEPRECATED_OBJC_IMPLEMENTATIONS = YES;
				CLANG_WARN_DIRECT_OBJC_ISA_USAGE = YES_ERROR;
				CLANG_WARN_DOCUMENTATION_COMMENTS = YES;
				CLANG_WARN_EMPTY_BODY = YES;
				CLANG_WARN_ENUM_CONVERSION = YES;
				CLANG_WARN_INFINITE_RECURSION = YES;
				CLANG_WARN_INT_CONVERSION = YES;
				CLANG_WARN_NON_LITERAL_NULL_CONVERSION = YES;
				CLANG_WARN_OBJC_IMPLICIT_RETAIN_SELF = YES;
				CLANG_WARN_OBJC_LITERAL_CONVERSION = YES;
				CLANG_WARN_OBJC_ROOT_CLASS = YES_ERROR;
				CLANG_WARN_RANGE_LOOP_ANALYSIS = YES;
				CLANG_WARN_STRICT_PROTOTYPES = YES;
				CLANG_WARN_SUSPICIOUS_MOVE = YES;
				CLANG_WARN_UNGUARDED_AVAILABILITY = YES_AGGRESSIVE;
				CLANG_WARN_UNREACHABLE_CODE = YES;
				CLANG_WARN__DUPLICATE_METHOD_MATCH = YES;
				CODE_SIGN_IDENTITY = "iPhone Developer";
				COPY_PHASE_STRIP = NO;
				DEBUG_INFORMATION_FORMAT = "dwarf-with-dsym";
				ENABLE_NS_ASSERTIONS = NO;
				ENABLE_STRICT_OBJC_MSGSEND = YES;
				GCC_C_LANGUAGE_STANDARD = gnu11;
				GCC_NO_COMMON_BLOCKS = YES;
				GCC_WARN_64_TO_32_BIT_CONVERSION = YES;
				GCC_WARN_ABOUT_RETURN_TYPE = YES_ERROR;
				GCC_WARN_UNDECLARED_SELECTOR = YES;
				GCC_WARN_UNINITIALIZED_AUTOS = YES_AGGRESSIVE;
				GCC_WARN_UNUSED_FUNCTION = YES;
				GCC_WARN_UNUSED_VARIABLE = YES;
				IPHONEOS_DEPLOYMENT_TARGET = 12.0;
				MTL_ENABLE_DEBUG_INFO = NO;
				MTL_FAST_MATH = YES;
				SDKROOT = iphoneos;
				SWIFT_COMPILATION_MODE = wholemodule;
				SWIFT_OPTIMIZATION_LEVEL = "-O";
				VALIDATE_PRODUCT = YES;
			};
			name = Release;
		};
		848E091C2180CB5000C98D96 /* Debug */ = {
			isa = XCBuildConfiguration;
			baseConfigurationReference = 9F2C8F89DF7795E1105E7F8E /* Pods-Kokkerellen.debug.xcconfig */;
			buildSettings = {
				ASSETCATALOG_COMPILER_APPICON_NAME = AppIcon;
				CODE_SIGN_STYLE = Automatic;
				DEVELOPMENT_TEAM = JXFFH96Z89;
				INFOPLIST_FILE = Kokkerellen/Info.plist;
				IPHONEOS_DEPLOYMENT_TARGET = 11.0;
				LD_RUNPATH_SEARCH_PATHS = (
					"$(inherited)",
					"@executable_path/Frameworks",
				);
				PRODUCT_BUNDLE_IDENTIFIER = ivor.Kokkerellen;
				PRODUCT_NAME = "$(TARGET_NAME)";
				SWIFT_VERSION = 4.2;
				TARGETED_DEVICE_FAMILY = "1,2";
			};
			name = Debug;
		};
		848E091D2180CB5000C98D96 /* Release */ = {
			isa = XCBuildConfiguration;
			baseConfigurationReference = 8E231A376A21587244FC9ECC /* Pods-Kokkerellen.release.xcconfig */;
			buildSettings = {
				ASSETCATALOG_COMPILER_APPICON_NAME = AppIcon;
				CODE_SIGN_STYLE = Automatic;
				DEVELOPMENT_TEAM = JXFFH96Z89;
				INFOPLIST_FILE = Kokkerellen/Info.plist;
				IPHONEOS_DEPLOYMENT_TARGET = 11.0;
				LD_RUNPATH_SEARCH_PATHS = (
					"$(inherited)",
					"@executable_path/Frameworks",
				);
				PRODUCT_BUNDLE_IDENTIFIER = ivor.Kokkerellen;
				PRODUCT_NAME = "$(TARGET_NAME)";
				SWIFT_VERSION = 4.2;
				TARGETED_DEVICE_FAMILY = "1,2";
			};
			name = Release;
		};
/* End XCBuildConfiguration section */

/* Begin XCConfigurationList section */
		848E09042180CB4F00C98D96 /* Build configuration list for PBXProject "Kokkerellen" */ = {
			isa = XCConfigurationList;
			buildConfigurations = (
				848E09192180CB5000C98D96 /* Debug */,
				848E091A2180CB5000C98D96 /* Release */,
			);
			defaultConfigurationIsVisible = 0;
			defaultConfigurationName = Release;
		};
		848E091B2180CB5000C98D96 /* Build configuration list for PBXNativeTarget "Kokkerellen" */ = {
			isa = XCConfigurationList;
			buildConfigurations = (
				848E091C2180CB5000C98D96 /* Debug */,
				848E091D2180CB5000C98D96 /* Release */,
			);
			defaultConfigurationIsVisible = 0;
			defaultConfigurationName = Release;
		};
/* End XCConfigurationList section */
	};
	rootObject = 848E09012180CB4F00C98D96 /* Project object */;
}
